
Microsoft Visual Studio Solution File, Format Version 12.00
# Visual Studio Version 16
VisualStudioVersion = 16.0.31729.503
MinimumVisualStudioVersion = 10.0.40219.1
Project("{FAE04EC0-301F-11D3-BF4B-00C04F79EFBC}") = "AppFirebaseUser.UWP", "AppFirebaseUser.UWP\AppFirebaseUser.UWP.csproj", "{27E82CA3-B5EE-45C9-ABCF-6E5D349C29EA}"
EndProject
Project("{FAE04EC0-301F-11D3-BF4B-00C04F79EFBC}") = "AppFirebaseUser.Android", "AppFirebaseUser.Android\AppFirebaseUser.Android.csproj", "{2AD9D66F-E743-4464-A82E-C440C1BA5ECB}"
EndProject
Project("{FAE04EC0-301F-11D3-BF4B-00C04F79EFBC}") = "AppFirebaseUser.iOS", "AppFirebaseUser.iOS\AppFirebaseUser.iOS.csproj", "{1852CDB9-136E-46C2-8D08-EDB9485D11DB}"
EndProject
Project("{FAE04EC0-301F-11D3-BF4B-00C04F79EFBC}") = "AppFirebaseUser", "AppFirebaseUser\AppFirebaseUser.csproj", "{FED12FB7-5B47-4AC1-96AE-FB6B41BD1D69}"
EndProject
Global
	GlobalSection(SolutionConfigurationPlatforms) = preSolution
		Debug|Any CPU = Debug|Any CPU
		Debug|ARM = Debug|ARM
		Debug|iPhone = Debug|iPhone
		Debug|iPhoneSimulator = Debug|iPhoneSimulator
		Debug|x64 = Debug|x64
		Debug|x86 = Debug|x86
		Release|Any CPU = Release|Any CPU
		Release|ARM = Release|ARM
		Release|iPhone = Release|iPhone
		Release|iPhoneSimulator = Release|iPhoneSimulator
		Release|x64 = Release|x64
		Release|x86 = Release|x86
	EndGlobalSection
	GlobalSection(ProjectConfigurationPlatforms) = postSolution
		{27E82CA3-B5EE-45C9-ABCF-6E5D349C29EA}.Debug|Any CPU.ActiveCfg = Debug|x86
		{27E82CA3-B5EE-45C9-ABCF-6E5D349C29EA}.Debug|Any CPU.Build.0 = Debug|x86
		{27E82CA3-B5EE-45C9-ABCF-6E5D349C29EA}.Debug|Any CPU.Deploy.0 = Debug|x86
		{27E82CA3-B5EE-45C9-ABCF-6E5D349C29EA}.Debug|ARM.ActiveCfg = Debug|ARM
		{27E82CA3-B5EE-45C9-ABCF-6E5D349C29EA}.Debug|ARM.Build.0 = Debug|ARM
		{27E82CA3-B5EE-45C9-ABCF-6E5D349C29EA}.Debug|ARM.Deploy.0 = Debug|ARM
		{27E82CA3-B5EE-45C9-ABCF-6E5D349C29EA}.Debug|iPhone.ActiveCfg = Debug|x86
		{27E82CA3-B5EE-45C9-ABCF-6E5D349C29EA}.Debug|iPhone.Build.0 = Debug|x86
		{27E82CA3-B5EE-45C9-ABCF-6E5D349C29EA}.Debug|iPhone.Deploy.0 = Debug|x86
		{27E82CA3-B5EE-45C9-ABCF-6E5D349C29EA}.Debug|iPhoneSimulator.ActiveCfg = Debug|x86
		{27E82CA3-B5EE-45C9-ABCF-6E5D349C29EA}.Debug|iPhoneSimulator.Build.0 = Debug|x86
		{27E82CA3-B5EE-45C9-ABCF-6E5D349C29EA}.Debug|iPhoneSimulator.Deploy.0 = Debug|x86
		{27E82CA3-B5EE-45C9-ABCF-6E5D349C29EA}.Debug|x64.ActiveCfg = Debug|x64
		{27E82CA3-B5EE-45C9-ABCF-6E5D349C29EA}.Debug|x64.Build.0 = Debug|x64
		{27E82CA3-B5EE-45C9-ABCF-6E5D349C29EA}.Debug|x64.Deploy.0 = Debug|x64
		{27E82CA3-B5EE-45C9-ABCF-6E5D349C29EA}.Debug|x86.ActiveCfg = Debug|x86
		{27E82CA3-B5EE-45C9-ABCF-6E5D349C29EA}.Debug|x86.Build.0 = Debug|x86
		{27E82CA3-B5EE-45C9-ABCF-6E5D349C29EA}.Debug|x86.Deploy.0 = Debug|x86
		{27E82CA3-B5EE-45C9-ABCF-6E5D349C29EA}.Release|Any CPU.ActiveCfg = Release|x86
		{27E82CA3-B5EE-45C9-ABCF-6E5D349C29EA}.Release|Any CPU.Build.0 = Release|x86
		{27E82CA3-B5EE-45C9-ABCF-6E5D349C29EA}.Release|Any CPU.Deploy.0 = Release|x86
		{27E82CA3-B5EE-45C9-ABCF-6E5D349C29EA}.Release|ARM.ActiveCfg = Release|ARM
		{27E82CA3-B5EE-45C9-ABCF-6E5D349C29EA}.Release|ARM.Build.0 = Release|ARM
		{27E82CA3-B5EE-45C9-ABCF-6E5D349C29EA}.Release|ARM.Deploy.0 = Release|ARM
		{27E82CA3-B5EE-45C9-ABCF-6E5D349C29EA}.Release|iPhone.ActiveCfg = Release|x86
		{27E82CA3-B5EE-45C9-ABCF-6E5D349C29EA}.Release|iPhone.Build.0 = Release|x86
		{27E82CA3-B5EE-45C9-ABCF-6E5D349C29EA}.Release|iPhone.Deploy.0 = Release|x86
		{27E82CA3-B5EE-45C9-ABCF-6E5D349C29EA}.Release|iPhoneSimulator.ActiveCfg = Release|x86
		{27E82CA3-B5EE-45C9-ABCF-6E5D349C29EA}.Release|iPhoneSimulator.Build.0 = Release|x86
		{27E82CA3-B5EE-45C9-ABCF-6E5D349C29EA}.Release|iPhoneSimulator.Deploy.0 = Release|x86
		{27E82CA3-B5EE-45C9-ABCF-6E5D349C29EA}.Release|x64.ActiveCfg = Release|x64
		{27E82CA3-B5EE-45C9-ABCF-6E5D349C29EA}.Release|x64.Build.0 = Release|x64
		{27E82CA3-B5EE-45C9-ABCF-6E5D349C29EA}.Release|x64.Deploy.0 = Release|x64
		{27E82CA3-B5EE-45C9-ABCF-6E5D349C29EA}.Release|x86.ActiveCfg = Release|x86
		{27E82CA3-B5EE-45C9-ABCF-6E5D349C29EA}.Release|x86.Build.0 = Release|x86
		{27E82CA3-B5EE-45C9-ABCF-6E5D349C29EA}.Release|x86.Deploy.0 = Release|x86
		{2AD9D66F-E743-4464-A82E-C440C1BA5ECB}.Debug|Any CPU.ActiveCfg = Debug|Any CPU
		{2AD9D66F-E743-4464-A82E-C440C1BA5ECB}.Debug|Any CPU.Build.0 = Debug|Any CPU
		{2AD9D66F-E743-4464-A82E-C440C1BA5ECB}.Debug|Any CPU.Deploy.0 = Debug|Any CPU
		{2AD9D66F-E743-4464-A82E-C440C1BA5ECB}.Debug|ARM.ActiveCfg = Debug|Any CPU
		{2AD9D66F-E743-4464-A82E-C440C1BA5ECB}.Debug|ARM.Build.0 = Debug|Any CPU
		{2AD9D66F-E743-4464-A82E-C440C1BA5ECB}.Debug|ARM.Deploy.0 = Debug|Any CPU
		{2AD9D66F-E743-4464-A82E-C440C1BA5ECB}.Debug|iPhone.ActiveCfg = Debug|Any CPU
		{2AD9D66F-E743-4464-A82E-C440C1BA5ECB}.Debug|iPhone.Build.0 = Debug|Any CPU
		{2AD9D66F-E743-4464-A82E-C440C1BA5ECB}.Debug|iPhone.Deploy.0 = Debug|Any CPU
		{2AD9D66F-E743-4464-A82E-C440C1BA5ECB}.Debug|iPhoneSimulator.ActiveCfg = Debug|Any CPU
		{2AD9D66F-E743-4464-A82E-C440C1BA5ECB}.Debug|iPhoneSimulator.Build.0 = Debug|Any CPU
		{2AD9D66F-E743-4464-A82E-C440C1BA5ECB}.Debug|iPhoneSimulator.Deploy.0 = Debug|Any CPU
		{2AD9D66F-E743-4464-A82E-C440C1BA5ECB}.Debug|x64.ActiveCfg = Debug|Any CPU
		{2AD9D66F-E743-4464-A82E-C440C1BA5ECB}.Debug|x64.Build.0 = Debug|Any CPU
		{2AD9D66F-E743-4464-A82E-C440C1BA5ECB}.Debug|x64.Deploy.0 = Debug|Any CPU
		{2AD9D66F-E743-4464-A82E-C440C1BA5ECB}.Debug|x86.ActiveCfg = Debug|Any CPU
		{2AD9D66F-E743-4464-A82E-C440C1BA5ECB}.Debug|x86.Build.0 = Debug|Any CPU
		{2AD9D66F-E743-4464-A82E-C440C1BA5ECB}.Debug|x86.Deploy.0 = Debug|Any CPU
		{2AD9D66F-E743-4464-A82E-C440C1BA5ECB}.Release|Any CPU.ActiveCfg = Release|Any CPU
		{2AD9D66F-E743-4464-A82E-C440C1BA5ECB}.Release|Any CPU.Build.0 = Release|Any CPU
		{2AD9D66F-E743-4464-A82E-C440C1BA5ECB}.Release|Any CPU.Deploy.0 = Release|Any CPU
		{2AD9D66F-E743-4464-A82E-C440C1BA5ECB}.Release|ARM.ActiveCfg = Release|Any CPU
		{2AD9D66F-E743-4464-A82E-C440C1BA5ECB}.Release|ARM.Build.0 = Release|Any CPU
		{2AD9D66F-E743-4464-A82E-C440C1BA5ECB}.Release|ARM.Deploy.0 = Release|Any CPU
		{2AD9D66F-E743-4464-A82E-C440C1BA5ECB}.Release|iPhone.ActiveCfg = Release|Any CPU
		{2AD9D66F-E743-4464-A82E-C440C1BA5ECB}.Release|iPhone.Build.0 = Release|Any CPU
		{2AD9D66F-E743-4464-A82E-C440C1BA5ECB}.Release|iPhone.Deploy.0 = Release|Any CPU
		{2AD9D66F-E743-4464-A82E-C440C1BA5ECB}.Release|iPhoneSimulator.ActiveCfg = Release|Any CPU
		{2AD9D66F-E743-4464-A82E-C440C1BA5ECB}.Release|iPhoneSimulator.Build.0 = Release|Any CPU
		{2AD9D66F-E743-4464-A82E-C440C1BA5ECB}.Release|iPhoneSimulator.Deploy.0 = Release|Any CPU
		{2AD9D66F-E743-4464-A82E-C440C1BA5ECB}.Release|x64.ActiveCfg = Release|Any CPU
		{2AD9D66F-E743-4464-A82E-C440C1BA5ECB}.Release|x64.Build.0 = Release|Any CPU
		{2AD9D66F-E743-4464-A82E-C440C1BA5ECB}.Release|x64.Deploy.0 = Release|Any CPU
		{2AD9D66F-E743-4464-A82E-C440C1BA5ECB}.Release|x86.ActiveCfg = Release|Any CPU
		{2AD9D66F-E743-4464-A82E-C440C1BA5ECB}.Release|x86.Build.0 = Release|Any CPU
		{2AD9D66F-E743-4464-A82E-C440C1BA5ECB}.Release|x86.Deploy.0 = Release|Any CPU
		{1852CDB9-136E-46C2-8D08-EDB9485D11DB}.Debug|Any CPU.ActiveCfg = Debug|iPhoneSimulator
		{1852CDB9-136E-46C2-8D08-EDB9485D11DB}.Debug|Any CPU.Build.0 = Debug|iPhoneSimulator
		{1852CDB9-136E-46C2-8D08-EDB9485D11DB}.Debug|Any CPU.Deploy.0 = Debug|iPhoneSimulator
		{1852CDB9-136E-46C2-8D08-EDB9485D11DB}.Debug|ARM.ActiveCfg = Debug|iPhone
		{1852CDB9-136E-46C2-8D08-EDB9485D11DB}.Debug|ARM.Build.0 = Debug|iPhone
		{1852CDB9-136E-46C2-8D08-EDB9485D11DB}.Debug|ARM.Deploy.0 = Debug|iPhone
		{1852CDB9-136E-46C2-8D08-EDB9485D11DB}.Debug|iPhone.ActiveCfg = Debug|iPhone
		{1852CDB9-136E-46C2-8D08-EDB9485D11DB}.Debug|iPhone.Build.0 = Debug|iPhone
		{1852CDB9-136E-46C2-8D08-EDB9485D11DB}.Debug|iPhone.Deploy.0 = Debug|iPhone
		{1852CDB9-136E-46C2-8D08-EDB9485D11DB}.Debug|iPhoneSimulator.ActiveCfg = Debug|iPhoneSimulator
		{1852CDB9-136E-46C2-8D08-EDB9485D11DB}.Debug|iPhoneSimulator.Build.0 = Debug|iPhoneSimulator
		{1852CDB9-136E-46C2-8D08-EDB9485D11DB}.Debug|iPhoneSimulator.Deploy.0 = Debug|iPhoneSimulator
		{1852CDB9-136E-46C2-8D08-EDB9485D11DB}.Debug|x64.ActiveCfg = Debug|iPhoneSimulator
		{1852CDB9-136E-46C2-8D08-EDB9485D11DB}.Debug|x64.Build.0 = Debug|iPhoneSimulator
		{1852CDB9-136E-46C2-8D08-EDB9485D11DB}.Debug|x64.Deploy.0 = Debug|iPhoneSimulator
		{1852CDB9-136E-46C2-8D08-EDB9485D11DB}.Debug|x86.ActiveCfg = Debug|iPhoneSimulator
		{1852CDB9-136E-46C2-8D08-EDB9485D11DB}.Debug|x86.Build.0 = Debug|iPhoneSimulator
		{1852CDB9-136E-46C2-8D08-EDB9485D11DB}.Debug|x86.Deploy.0 = Debug|iPhoneSimulator
		{1852CDB9-136E-46C2-8D08-EDB9485D11DB}.Release|Any CPU.ActiveCfg = Release|iPhoneSimulator
		{1852CDB9-136E-46C2-8D08-EDB9485D11DB}.Release|Any CPU.Build.0 = Release|iPhoneSimulator
		{1852CDB9-136E-46C2-8D08-EDB9485D11DB}.Release|Any CPU.Deploy.0 = Release|iPhoneSimulator
		{1852CDB9-136E-46C2-8D08-EDB9485D11DB}.Release|ARM.ActiveCfg = Release|iPhoneSimulator
		{1852CDB9-136E-46C2-8D08-EDB9485D11DB}.Release|ARM.Build.0 = Release|iPhoneSimulator
		{1852CDB9-136E-46C2-8D08-EDB9485D11DB}.Release|ARM.Deploy.0 = Release|iPhoneSimulator
		{1852CDB9-136E-46C2-8D08-EDB9485D11DB}.Release|iPhone.ActiveCfg = Release|iPhone
		{1852CDB9-136E-46C2-8D08-EDB9485D11DB}.Release|iPhone.Build.0 = Release|iPhone
		{1852CDB9-136E-46C2-8D08-EDB9485D11DB}.Release|iPhone.Deploy.0 = Release|iPhone
		{1852CDB9-136E-46C2-8D08-EDB9485D11DB}.Release|iPhoneSimulator.ActiveCfg = Release|iPhoneSimulator
		{1852CDB9-136E-46C2-8D08-EDB9485D11DB}.Release|iPhoneSimulator.Build.0 = Release|iPhoneSimulator
		{1852CDB9-136E-46C2-8D08-EDB9485D11DB}.Release|iPhoneSimulator.Deploy.0 = Release|iPhoneSimulator
		{1852CDB9-136E-46C2-8D08-EDB9485D11DB}.Release|x64.ActiveCfg = Release|iPhoneSimulator
		{1852CDB9-136E-46C2-8D08-EDB9485D11DB}.Release|x64.Build.0 = Release|iPhoneSimulator
		{1852CDB9-136E-46C2-8D08-EDB9485D11DB}.Release|x64.Deploy.0 = Release|iPhoneSimulator
		{1852CDB9-136E-46C2-8D08-EDB9485D11DB}.Release|x86.ActiveCfg = Release|iPhoneSimulator
		{1852CDB9-136E-46C2-8D08-EDB9485D11DB}.Release|x86.Build.0 = Release|iPhoneSimulator
		{1852CDB9-136E-46C2-8D08-EDB9485D11DB}.Release|x86.Deploy.0 = Release|iPhoneSimulator
		{FED12FB7-5B47-4AC1-96AE-FB6B41BD1D69}.Debug|Any CPU.ActiveCfg = Debug|Any CPU
		{FED12FB7-5B47-4AC1-96AE-FB6B41BD1D69}.Debug|Any CPU.Build.0 = Debug|Any CPU
		{FED12FB7-5B47-4AC1-96AE-FB6B41BD1D69}.Debug|Any CPU.Deploy.0 = Debug|Any CPU
		{FED12FB7-5B47-4AC1-96AE-FB6B41BD1D69}.Debug|ARM.ActiveCfg = Debug|Any CPU
		{FED12FB7-5B47-4AC1-96AE-FB6B41BD1D69}.Debug|ARM.Build.0 = Debug|Any CPU
		{FED12FB7-5B47-4AC1-96AE-FB6B41BD1D69}.Debug|ARM.Deploy.0 = Debug|Any CPU
		{FED12FB7-5B47-4AC1-96AE-FB6B41BD1D69}.Debug|iPhone.ActiveCfg = Debug|Any CPU
		{FED12FB7-5B47-4AC1-96AE-FB6B41BD1D69}.Debug|iPhone.Build.0 = Debug|Any CPU
		{FED12FB7-5B47-4AC1-96AE-FB6B41BD1D69}.Debug|iPhone.Deploy.0 = Debug|Any CPU
		{FED12FB7-5B47-4AC1-96AE-FB6B41BD1D69}.Debug|iPhoneSimulator.ActiveCfg = Debug|Any CPU
		{FED12FB7-5B47-4AC1-96AE-FB6B41BD1D69}.Debug|iPhoneSimulator.Build.0 = Debug|Any CPU
		{FED12FB7-5B47-4AC1-96AE-FB6B41BD1D69}.Debug|iPhoneSimulator.Deploy.0 = Debug|Any CPU
		{FED12FB7-5B47-4AC1-96AE-FB6B41BD1D69}.Debug|x64.ActiveCfg = Debug|Any CPU
		{FED12FB7-5B47-4AC1-96AE-FB6B41BD1D69}.Debug|x64.Build.0 = Debug|Any CPU
		{FED12FB7-5B47-4AC1-96AE-FB6B41BD1D69}.Debug|x64.Deploy.0 = Debug|Any CPU
		{FED12FB7-5B47-4AC1-96AE-FB6B41BD1D69}.Debug|x86.ActiveCfg = Debug|Any CPU
		{FED12FB7-5B47-4AC1-96AE-FB6B41BD1D69}.Debug|x86.Build.0 = Debug|Any CPU
		{FED12FB7-5B47-4AC1-96AE-FB6B41BD1D69}.Debug|x86.Deploy.0 = Debug|Any CPU
		{FED12FB7-5B47-4AC1-96AE-FB6B41BD1D69}.Release|Any CPU.ActiveCfg = Release|Any CPU
		{FED12FB7-5B47-4AC1-96AE-FB6B41BD1D69}.Release|Any CPU.Build.0 = Release|Any CPU
		{FED12FB7-5B47-4AC1-96AE-FB6B41BD1D69}.Release|Any CPU.Deploy.0 = Release|Any CPU
		{FED12FB7-5B47-4AC1-96AE-FB6B41BD1D69}.Release|ARM.ActiveCfg = Release|Any CPU
		{FED12FB7-5B47-4AC1-96AE-FB6B41BD1D69}.Release|ARM.Build.0 = Release|Any CPU
		{FED12FB7-5B47-4AC1-96AE-FB6B41BD1D69}.Release|ARM.Deploy.0 = Release|Any CPU
		{FED12FB7-5B47-4AC1-96AE-FB6B41BD1D69}.Release|iPhone.ActiveCfg = Release|Any CPU
		{FED12FB7-5B47-4AC1-96AE-FB6B41BD1D69}.Release|iPhone.Build.0 = Release|Any CPU
		{FED12FB7-5B47-4AC1-96AE-FB6B41BD1D69}.Release|iPhone.Deploy.0 = Release|Any CPU
		{FED12FB7-5B47-4AC1-96AE-FB6B41BD1D69}.Release|iPhoneSimulator.ActiveCfg = Release|Any CPU
		{FED12FB7-5B47-4AC1-96AE-FB6B41BD1D69}.Release|iPhoneSimulator.Build.0 = Release|Any CPU
		{FED12FB7-5B47-4AC1-96AE-FB6B41BD1D69}.Release|iPhoneSimulator.Deploy.0 = Release|Any CPU
		{FED12FB7-5B47-4AC1-96AE-FB6B41BD1D69}.Release|x64.ActiveCfg = Release|Any CPU
		{FED12FB7-5B47-4AC1-96AE-FB6B41BD1D69}.Release|x64.Build.0 = Release|Any CPU
		{FED12FB7-5B47-4AC1-96AE-FB6B41BD1D69}.Release|x64.Deploy.0 = Release|Any CPU
		{FED12FB7-5B47-4AC1-96AE-FB6B41BD1D69}.Release|x86.ActiveCfg = Release|Any CPU
		{FED12FB7-5B47-4AC1-96AE-FB6B41BD1D69}.Release|x86.Build.0 = Release|Any CPU
		{FED12FB7-5B47-4AC1-96AE-FB6B41BD1D69}.Release|x86.Deploy.0 = Release|Any CPU
	EndGlobalSection
	GlobalSection(SolutionProperties) = preSolution
		HideSolutionNode = FALSE
	EndGlobalSection
	GlobalSection(ExtensibilityGlobals) = postSolution
		SolutionGuid = {AD125233-68FF-4DCE-9066-F16CA83E3D3F}
	EndGlobalSection
EndGlobal
